
Microsoft Visual Studio Solution File, Format Version 12.00
# Visual Studio 2012
Project("{2150E333-8FDC-42A3-9474-1A3956D46DE8}") = "Tests", "Tests", "{2A4275E1-8043-490E-A9EA-B839028D6568}"
EndProject
Project("{2150E333-8FDC-42A3-9474-1A3956D46DE8}") = "Solution Items", "Solution Items", "{B49123A3-9878-448E-BC96-A5AA3C507B08}"
	ProjectSection(SolutionItems) = preProject
		Local.testsettings = Local.testsettings
		PinkoAzure.vsd = PinkoAzure.vsd
		PinkoAzure.vsmdi = PinkoAzure.vsmdi
		TraceAndTestImpact.testsettings = TraceAndTestImpact.testsettings
	EndProjectSection
EndProject
Project("{FAE04EC0-301F-11D3-BF4B-00C04F79EFBC}") = "PinkoTests", "PinkoTests\PinkoTests.csproj", "{B25B0BC3-6FC0-402C-BB5A-BAB7D13A8230}"
EndProject
Project("{FAE04EC0-301F-11D3-BF4B-00C04F79EFBC}") = "PinkoMocks", "PinkoMocks\PinkoMocks.csproj", "{684F2F70-9FBB-4C31-898F-0AB01CB1E332}"
EndProject
Project("{FAE04EC0-301F-11D3-BF4B-00C04F79EFBC}") = "PinkoCommon", "PinkoCommon\PinkoCommon.csproj", "{1E504762-93C7-4AB4-A45F-64FD6F826724}"
EndProject
Project("{2150E333-8FDC-42A3-9474-1A3956D46DE8}") = "WebRoles", "WebRoles", "{0A9B0140-99E3-4A99-9911-3060B7079567}"
EndProject
Project("{FAE04EC0-301F-11D3-BF4B-00C04F79EFBC}") = "PinkoWebService", "PinkoWebService\PinkoWebService.csproj", "{6DABE8EF-4682-420A-AEE5-83B1E680D9A2}"
EndProject
Project("{FAE04EC0-301F-11D3-BF4B-00C04F79EFBC}") = "PinkoWebService.Tests", "PinkoWebService.Tests\PinkoWebService.Tests.csproj", "{16643C8B-6463-4670-9339-664A0B251851}"
EndProject
Project("{FAE04EC0-301F-11D3-BF4B-00C04F79EFBC}") = "PinkoViewer", "PinkoViewer\PinkoViewer.csproj", "{24C88779-5B72-40A2-B3A8-4F8A2E39A245}"
EndProject
Project("{FAE04EC0-301F-11D3-BF4B-00C04F79EFBC}") = "PinkoMsMqServiceBus", "MsMqServiceBus\PinkoMsMqServiceBus.csproj", "{CF00EC33-45E3-4FD3-8A5A-60811785BC52}"
EndProject
Project("{FAE04EC0-301F-11D3-BF4B-00C04F79EFBC}") = "PinkDao", "PinkDao\PinkDao.csproj", "{62F59F46-0E80-46CD-88CB-82EDB6DB90C5}"
EndProject
Project("{FAE04EC0-301F-11D3-BF4B-00C04F79EFBC}") = "PinkoAzureService", "PinkoAzureService\PinkoAzureService.csproj", "{4C8788BF-46D5-433D-B4CD-973E60DDD3CC}"
EndProject
Project("{2150E333-8FDC-42A3-9474-1A3956D46DE8}") = "WorkerRoles", "WorkerRoles", "{C62EAD75-0EE5-422B-B0CA-27D273882C96}"
EndProject
Project("{FAE04EC0-301F-11D3-BF4B-00C04F79EFBC}") = "PinkoCalcEngineWorker", "PinkoCalcEngineWorker\PinkoCalcEngineWorker.csproj", "{0E7CCEEF-82E8-4811-AE53-968DF1046C6F}"
EndProject
Project("{CC5FD16D-436D-48AD-A40C-5A424C6E3E79}") = "PinkoCalcEngineWorkerRole", "PinkoCalcEngineWorkerRole\PinkoCalcEngineWorkerRole.ccproj", "{D985E257-A42B-4B6D-A39A-567993FA95F2}"
EndProject
Project("{FAE04EC0-301F-11D3-BF4B-00C04F79EFBC}") = "PinkoWorkerCommon", "PinkoWorkerCommon\PinkoWorkerCommon.csproj", "{45263391-63FC-4868-9D9E-DF84031361F9}"
EndProject
Project("{FAE04EC0-301F-11D3-BF4B-00C04F79EFBC}") = "PinkoWebRoleCommon", "PinkoWebRoleCommon\PinkoWebRoleCommon.csproj", "{E6D1CB52-42C5-4C65-B41B-3C4FE4F73804}"
EndProject
Project("{FAE04EC0-301F-11D3-BF4B-00C04F79EFBC}") = "PinkoMarketEnvironment", "PinkoMarketEnvironment\PinkoMarketEnvironment.csproj", "{DF8D4781-F5E1-4A65-ACB4-CEDAD5DE5537}"
EndProject
Project("{2150E333-8FDC-42A3-9474-1A3956D46DE8}") = "Common", "Common", "{BB60BF48-8DFD-4EBC-B6EF-65904B1C6A4F}"
EndProject
Project("{CC5FD16D-436D-48AD-A40C-5A424C6E3E79}") = "PinkoSubscriptionManagerWorkerRole", "PinkoSubscriptionManagerWorkerRole\PinkoSubscriptionManagerWorkerRole.ccproj", "{90BE9489-D319-4C7E-B770-B12ADB2FBA78}"
EndProject
Project("{FAE04EC0-301F-11D3-BF4B-00C04F79EFBC}") = "PinkoSubscriptionManagerWorker", "PinkoSubscriptionManagerWorker\PinkoSubscriptionManagerWorker.csproj", "{C4DEB8D2-6D4B-4D41-ACA3-5FDD68DFF2FE}"
EndProject
Global
	GlobalSection(TestCaseManagementSettings) = postSolution
		CategoryFile = PinkoAzure.vsmdi
	EndGlobalSection
	GlobalSection(SolutionConfigurationPlatforms) = preSolution
		Debug|Any CPU = Debug|Any CPU
		Release|Any CPU = Release|Any CPU
	EndGlobalSection
	GlobalSection(ProjectConfigurationPlatforms) = postSolution
		{B25B0BC3-6FC0-402C-BB5A-BAB7D13A8230}.Debug|Any CPU.ActiveCfg = Debug|Any CPU
		{B25B0BC3-6FC0-402C-BB5A-BAB7D13A8230}.Debug|Any CPU.Build.0 = Debug|Any CPU
		{B25B0BC3-6FC0-402C-BB5A-BAB7D13A8230}.Release|Any CPU.ActiveCfg = Release|Any CPU
		{B25B0BC3-6FC0-402C-BB5A-BAB7D13A8230}.Release|Any CPU.Build.0 = Release|Any CPU
		{684F2F70-9FBB-4C31-898F-0AB01CB1E332}.Debug|Any CPU.ActiveCfg = Debug|Any CPU
		{684F2F70-9FBB-4C31-898F-0AB01CB1E332}.Debug|Any CPU.Build.0 = Debug|Any CPU
		{684F2F70-9FBB-4C31-898F-0AB01CB1E332}.Release|Any CPU.ActiveCfg = Release|Any CPU
		{684F2F70-9FBB-4C31-898F-0AB01CB1E332}.Release|Any CPU.Build.0 = Release|Any CPU
		{1E504762-93C7-4AB4-A45F-64FD6F826724}.Debug|Any CPU.ActiveCfg = Debug|Any CPU
		{1E504762-93C7-4AB4-A45F-64FD6F826724}.Debug|Any CPU.Build.0 = Debug|Any CPU
		{1E504762-93C7-4AB4-A45F-64FD6F826724}.Release|Any CPU.ActiveCfg = Release|Any CPU
		{1E504762-93C7-4AB4-A45F-64FD6F826724}.Release|Any CPU.Build.0 = Release|Any CPU
		{6DABE8EF-4682-420A-AEE5-83B1E680D9A2}.Debug|Any CPU.ActiveCfg = Debug|Any CPU
		{6DABE8EF-4682-420A-AEE5-83B1E680D9A2}.Debug|Any CPU.Build.0 = Debug|Any CPU
		{6DABE8EF-4682-420A-AEE5-83B1E680D9A2}.Release|Any CPU.ActiveCfg = Release|Any CPU
		{6DABE8EF-4682-420A-AEE5-83B1E680D9A2}.Release|Any CPU.Build.0 = Release|Any CPU
		{16643C8B-6463-4670-9339-664A0B251851}.Debug|Any CPU.ActiveCfg = Debug|Any CPU
		{16643C8B-6463-4670-9339-664A0B251851}.Debug|Any CPU.Build.0 = Debug|Any CPU
		{16643C8B-6463-4670-9339-664A0B251851}.Release|Any CPU.ActiveCfg = Release|Any CPU
		{16643C8B-6463-4670-9339-664A0B251851}.Release|Any CPU.Build.0 = Release|Any CPU
		{24C88779-5B72-40A2-B3A8-4F8A2E39A245}.Debug|Any CPU.ActiveCfg = Debug|Any CPU
		{24C88779-5B72-40A2-B3A8-4F8A2E39A245}.Debug|Any CPU.Build.0 = Debug|Any CPU
		{24C88779-5B72-40A2-B3A8-4F8A2E39A245}.Release|Any CPU.ActiveCfg = Release|Any CPU
		{24C88779-5B72-40A2-B3A8-4F8A2E39A245}.Release|Any CPU.Build.0 = Release|Any CPU
		{CF00EC33-45E3-4FD3-8A5A-60811785BC52}.Debug|Any CPU.ActiveCfg = Debug|Any CPU
		{CF00EC33-45E3-4FD3-8A5A-60811785BC52}.Debug|Any CPU.Build.0 = Debug|Any CPU
		{CF00EC33-45E3-4FD3-8A5A-60811785BC52}.Release|Any CPU.ActiveCfg = Release|Any CPU
		{CF00EC33-45E3-4FD3-8A5A-60811785BC52}.Release|Any CPU.Build.0 = Release|Any CPU
		{62F59F46-0E80-46CD-88CB-82EDB6DB90C5}.Debug|Any CPU.ActiveCfg = Debug|Any CPU
		{62F59F46-0E80-46CD-88CB-82EDB6DB90C5}.Debug|Any CPU.Build.0 = Debug|Any CPU
		{62F59F46-0E80-46CD-88CB-82EDB6DB90C5}.Release|Any CPU.ActiveCfg = Release|Any CPU
		{62F59F46-0E80-46CD-88CB-82EDB6DB90C5}.Release|Any CPU.Build.0 = Release|Any CPU
		{4C8788BF-46D5-433D-B4CD-973E60DDD3CC}.Debug|Any CPU.ActiveCfg = Debug|Any CPU
		{4C8788BF-46D5-433D-B4CD-973E60DDD3CC}.Debug|Any CPU.Build.0 = Debug|Any CPU
		{4C8788BF-46D5-433D-B4CD-973E60DDD3CC}.Release|Any CPU.ActiveCfg = Release|Any CPU
		{4C8788BF-46D5-433D-B4CD-973E60DDD3CC}.Release|Any CPU.Build.0 = Release|Any CPU
		{0E7CCEEF-82E8-4811-AE53-968DF1046C6F}.Debug|Any CPU.ActiveCfg = Debug|Any CPU
		{0E7CCEEF-82E8-4811-AE53-968DF1046C6F}.Debug|Any CPU.Build.0 = Debug|Any CPU
		{0E7CCEEF-82E8-4811-AE53-968DF1046C6F}.Release|Any CPU.ActiveCfg = Release|Any CPU
		{0E7CCEEF-82E8-4811-AE53-968DF1046C6F}.Release|Any CPU.Build.0 = Release|Any CPU
		{D985E257-A42B-4B6D-A39A-567993FA95F2}.Debug|Any CPU.ActiveCfg = Debug|Any CPU
		{D985E257-A42B-4B6D-A39A-567993FA95F2}.Debug|Any CPU.Build.0 = Debug|Any CPU
		{D985E257-A42B-4B6D-A39A-567993FA95F2}.Release|Any CPU.ActiveCfg = Release|Any CPU
		{D985E257-A42B-4B6D-A39A-567993FA95F2}.Release|Any CPU.Build.0 = Release|Any CPU
		{45263391-63FC-4868-9D9E-DF84031361F9}.Debug|Any CPU.ActiveCfg = Debug|Any CPU
		{45263391-63FC-4868-9D9E-DF84031361F9}.Debug|Any CPU.Build.0 = Debug|Any CPU
		{45263391-63FC-4868-9D9E-DF84031361F9}.Release|Any CPU.ActiveCfg = Release|Any CPU
		{45263391-63FC-4868-9D9E-DF84031361F9}.Release|Any CPU.Build.0 = Release|Any CPU
		{E6D1CB52-42C5-4C65-B41B-3C4FE4F73804}.Debug|Any CPU.ActiveCfg = Debug|Any CPU
		{E6D1CB52-42C5-4C65-B41B-3C4FE4F73804}.Debug|Any CPU.Build.0 = Debug|Any CPU
		{E6D1CB52-42C5-4C65-B41B-3C4FE4F73804}.Release|Any CPU.ActiveCfg = Release|Any CPU
		{E6D1CB52-42C5-4C65-B41B-3C4FE4F73804}.Release|Any CPU.Build.0 = Release|Any CPU
		{DF8D4781-F5E1-4A65-ACB4-CEDAD5DE5537}.Debug|Any CPU.ActiveCfg = Debug|Any CPU
		{DF8D4781-F5E1-4A65-ACB4-CEDAD5DE5537}.Debug|Any CPU.Build.0 = Debug|Any CPU
		{DF8D4781-F5E1-4A65-ACB4-CEDAD5DE5537}.Release|Any CPU.ActiveCfg = Release|Any CPU
		{DF8D4781-F5E1-4A65-ACB4-CEDAD5DE5537}.Release|Any CPU.Build.0 = Release|Any CPU
		{90BE9489-D319-4C7E-B770-B12ADB2FBA78}.Debug|Any CPU.ActiveCfg = Debug|Any CPU
		{90BE9489-D319-4C7E-B770-B12ADB2FBA78}.Debug|Any CPU.Build.0 = Debug|Any CPU
		{90BE9489-D319-4C7E-B770-B12ADB2FBA78}.Release|Any CPU.ActiveCfg = Release|Any CPU
		{90BE9489-D319-4C7E-B770-B12ADB2FBA78}.Release|Any CPU.Build.0 = Release|Any CPU
		{C4DEB8D2-6D4B-4D41-ACA3-5FDD68DFF2FE}.Debug|Any CPU.ActiveCfg = Debug|Any CPU
		{C4DEB8D2-6D4B-4D41-ACA3-5FDD68DFF2FE}.Debug|Any CPU.Build.0 = Debug|Any CPU
		{C4DEB8D2-6D4B-4D41-ACA3-5FDD68DFF2FE}.Release|Any CPU.ActiveCfg = Release|Any CPU
		{C4DEB8D2-6D4B-4D41-ACA3-5FDD68DFF2FE}.Release|Any CPU.Build.0 = Release|Any CPU
	EndGlobalSection
	GlobalSection(SolutionProperties) = preSolution
		HideSolutionNode = FALSE
	EndGlobalSection
	GlobalSection(NestedProjects) = preSolution
		{B49123A3-9878-448E-BC96-A5AA3C507B08} = {2A4275E1-8043-490E-A9EA-B839028D6568}
		{B25B0BC3-6FC0-402C-BB5A-BAB7D13A8230} = {2A4275E1-8043-490E-A9EA-B839028D6568}
		{684F2F70-9FBB-4C31-898F-0AB01CB1E332} = {2A4275E1-8043-490E-A9EA-B839028D6568}
		{CF00EC33-45E3-4FD3-8A5A-60811785BC52} = {BB60BF48-8DFD-4EBC-B6EF-65904B1C6A4F}
		{62F59F46-0E80-46CD-88CB-82EDB6DB90C5} = {BB60BF48-8DFD-4EBC-B6EF-65904B1C6A4F}
		{4C8788BF-46D5-433D-B4CD-973E60DDD3CC} = {BB60BF48-8DFD-4EBC-B6EF-65904B1C6A4F}
		{1E504762-93C7-4AB4-A45F-64FD6F826724} = {BB60BF48-8DFD-4EBC-B6EF-65904B1C6A4F}
		{6DABE8EF-4682-420A-AEE5-83B1E680D9A2} = {0A9B0140-99E3-4A99-9911-3060B7079567}
		{16643C8B-6463-4670-9339-664A0B251851} = {0A9B0140-99E3-4A99-9911-3060B7079567}
		{24C88779-5B72-40A2-B3A8-4F8A2E39A245} = {0A9B0140-99E3-4A99-9911-3060B7079567}
		{E6D1CB52-42C5-4C65-B41B-3C4FE4F73804} = {0A9B0140-99E3-4A99-9911-3060B7079567}
		{0E7CCEEF-82E8-4811-AE53-968DF1046C6F} = {C62EAD75-0EE5-422B-B0CA-27D273882C96}
		{D985E257-A42B-4B6D-A39A-567993FA95F2} = {C62EAD75-0EE5-422B-B0CA-27D273882C96}
		{45263391-63FC-4868-9D9E-DF84031361F9} = {C62EAD75-0EE5-422B-B0CA-27D273882C96}
		{DF8D4781-F5E1-4A65-ACB4-CEDAD5DE5537} = {C62EAD75-0EE5-422B-B0CA-27D273882C96}
		{90BE9489-D319-4C7E-B770-B12ADB2FBA78} = {C62EAD75-0EE5-422B-B0CA-27D273882C96}
		{C4DEB8D2-6D4B-4D41-ACA3-5FDD68DFF2FE} = {C62EAD75-0EE5-422B-B0CA-27D273882C96}
	EndGlobalSection
EndGlobal
